
Microsoft Visual Studio Solution File, Format Version 12.00
# Visual Studio Version 17
VisualStudioVersion = 17.5.33516.290
MinimumVisualStudioVersion = 10.0.40219.1
Project("{FAE04EC0-301F-11D3-BF4B-00C04F79EFBC}") = "Excel_API", "Excel_API\Excel_API.csproj", "{76A4757A-0EF6-4BD2-9DBE-20BC98AE54D8}"
EndProject
Project("{FAE04EC0-301F-11D3-BF4B-00C04F79EFBC}") = "Patient_Models", "Patient_Models\Patient_Models.csproj", "{4BFD3BCE-84B2-4BCF-9F8D-AD92C5129BC1}"
EndProject
Project("{FAE04EC0-301F-11D3-BF4B-00C04F79EFBC}") = "Excel_Client", "Excel_Client\Excel_Client.csproj", "{FB90CBFF-1FA8-494E-8A67-1BEB04D782AD}"
EndProject
Global
	GlobalSection(SolutionConfigurationPlatforms) = preSolution
		Debug|Any CPU = Debug|Any CPU
		Release|Any CPU = Release|Any CPU
	EndGlobalSection
	GlobalSection(ProjectConfigurationPlatforms) = postSolution
		{76A4757A-0EF6-4BD2-9DBE-20BC98AE54D8}.Debug|Any CPU.ActiveCfg = Debug|Any CPU
		{76A4757A-0EF6-4BD2-9DBE-20BC98AE54D8}.Debug|Any CPU.Build.0 = Debug|Any CPU
		{76A4757A-0EF6-4BD2-9DBE-20BC98AE54D8}.Release|Any CPU.ActiveCfg = Release|Any CPU
		{76A4757A-0EF6-4BD2-9DBE-20BC98AE54D8}.Release|Any CPU.Build.0 = Release|Any CPU
		{4BFD3BCE-84B2-4BCF-9F8D-AD92C5129BC1}.Debug|Any CPU.ActiveCfg = Debug|Any CPU
		{4BFD3BCE-84B2-4BCF-9F8D-AD92C5129BC1}.Debug|Any CPU.Build.0 = Debug|Any CPU
		{4BFD3BCE-84B2-4BCF-9F8D-AD92C5129BC1}.Release|Any CPU.ActiveCfg = Release|Any CPU
		{4BFD3BCE-84B2-4BCF-9F8D-AD92C5129BC1}.Release|Any CPU.Build.0 = Release|Any CPU
		{FB90CBFF-1FA8-494E-8A67-1BEB04D782AD}.Debug|Any CPU.ActiveCfg = Debug|Any CPU
		{FB90CBFF-1FA8-494E-8A67-1BEB04D782AD}.Debug|Any CPU.Build.0 = Debug|Any CPU
		{FB90CBFF-1FA8-494E-8A67-1BEB04D782AD}.Release|Any CPU.ActiveCfg = Release|Any CPU
		{FB90CBFF-1FA8-494E-8A67-1BEB04D782AD}.Release|Any CPU.Build.0 = Release|Any CPU
	EndGlobalSection
	GlobalSection(SolutionProperties) = preSolution
		HideSolutionNode = FALSE
	EndGlobalSection
	GlobalSection(ExtensibilityGlobals) = postSolution
		SolutionGuid = {66C5DE74-A0C9-457B-A5A0-4F06AEEB827F}
	EndGlobalSection
EndGlobal
